{
  "name": "linhpham.org_jekyll",
  "lockfileVersion": 3,
  "requires": true,
  "packages": {
    "": {
      "dependencies": {
        "@ibm/plex-mono": "^1.1.0",
        "@ibm/plex-sans": "^1.1.0",
        "bootstrap": "^5.3.7",
        "bootstrap-icons": "^1.13.1"
      }
    },
    "node_modules/@ibm/plex-mono": {
      "version": "1.1.0",
      "resolved": "https://registry.npmjs.org/@ibm/plex-mono/-/plex-mono-1.1.0.tgz",
      "integrity": "sha512-hpsdRxR3BRJkC6wGM4MZcUFD6C8M+mmK76RtAy/hlsfPro9FzpXVdIWC+G3jeQOXof109dxlUvmeKxpeKUG68A==",
      "hasInstallScript": true,
      "license": "OFL-1.1",
      "dependencies": {
        "@ibm/telemetry-js": "^1.6.1"
      }
    },
    "node_modules/@ibm/plex-sans": {
      "version": "1.1.0",
      "resolved": "https://registry.npmjs.org/@ibm/plex-sans/-/plex-sans-1.1.0.tgz",
      "integrity": "sha512-WPgvO6Yfj2w5YbhyAr1tv95RUz4LRJlqN+CmYvBglabXteufP1D1E9BABMde+ZIKdRbFJDoKF5eQzfhpnbgZcQ==",
      "hasInstallScript": true,
      "license": "OFL-1.1",
      "dependencies": {
        "@ibm/telemetry-js": "^1.6.1"
      }
    },
    "node_modules/@ibm/telemetry-js": {
      "version": "1.9.1",
      "resolved": "https://registry.npmjs.org/@ibm/telemetry-js/-/telemetry-js-1.9.1.tgz",
      "integrity": "sha512-qq8RPafUJHUQieXVCte1kbJEx6JctWzbA/YkXzopbfzIDRT2+hbR9QmgH+KH7bDDNRcDbdHWvHfwJKzThlMtPg==",
      "license": "Apache-2.0",
      "bin": {
        "ibmtelemetry": "dist/collect.js"
      }
    },
    "node_modules/@popperjs/core": {
      "version": "2.11.8",
      "resolved": "https://registry.npmjs.org/@popperjs/core/-/core-2.11.8.tgz",
      "integrity": "sha512-P1st0aksCrn9sGZhp8GMYwBnQsbvAWsZAX44oXNNvLHGqAOcoVxmjZiohstwQ7SqKnbR47akdNi+uleWD8+g6A==",
      "license": "MIT",
      "peer": true,
      "funding": {
        "type": "opencollective",
        "url": "https://opencollective.com/popperjs"
      }
    },
    "node_modules/bootstrap": {
      "version": "5.3.7",
      "resolved": "https://registry.npmjs.org/bootstrap/-/bootstrap-5.3.7.tgz",
      "integrity": "sha512-7KgiD8UHjfcPBHEpDNg+zGz8L3LqR3GVwqZiBRFX04a1BCArZOz1r2kjly2HQ0WokqTO0v1nF+QAt8dsW4lKlw==",
      "funding": [
        {
          "type": "github",
          "url": "https://github.com/sponsors/twbs"
        },
        {
          "type": "opencollective",
          "url": "https://opencollective.com/bootstrap"
        }
      ],
      "license": "MIT",
      "peerDependencies": {
        "@popperjs/core": "^2.11.8"
      }
    },
    "node_modules/bootstrap-icons": {
      "version": "1.13.1",
      "resolved": "https://registry.npmjs.org/bootstrap-icons/-/bootstrap-icons-1.13.1.tgz",
      "integrity": "sha512-ijombt4v6bv5CLeXvRWKy7CuM3TRTuPEuGaGKvTV5cz65rQSY8RQ2JcHt6b90cBBAC7s8fsf2EkQDldzCoXUjw==",
      "funding": [
        {
          "type": "github",
          "url": "https://github.com/sponsors/twbs"
        },
        {
          "type": "opencollective",
          "url": "https://opencollective.com/bootstrap"
        }
      ],
      "license": "MIT"
    }
  }
}
